// !$*UTF8*$!
{
	archiveVersion = 1;
	classes = {
	};
	objectVersion = 46;
	objects = {

/* Begin PBXBuildFile section */
		9812B5911F1DCBD9006E1C3C /* HawkerViewController.swift in Sources */ = {isa = PBXBuildFile; fileRef = 9812B5901F1DCBD9006E1C3C /* HawkerViewController.swift */; };
		9812B5931F1DD852006E1C3C /* RentViewController.swift in Sources */ = {isa = PBXBuildFile; fileRef = 9812B5921F1DD852006E1C3C /* RentViewController.swift */; };
		9812B5951F1DD867006E1C3C /* InspectionViewController.swift in Sources */ = {isa = PBXBuildFile; fileRef = 9812B5941F1DD867006E1C3C /* InspectionViewController.swift */; };
		98D0CFD21F1F225100E172CE /* InspectionCustomCell.swift in Sources */ = {isa = PBXBuildFile; fileRef = 98D0CFD11F1F225100E172CE /* InspectionCustomCell.swift */; };
		98F933671F0C2EC6007A1F36 /* AppDelegate.swift in Sources */ = {isa = PBXBuildFile; fileRef = 98F933661F0C2EC6007A1F36 /* AppDelegate.swift */; };
		98F933691F0C2EC6007A1F36 /* ViewController.swift in Sources */ = {isa = PBXBuildFile; fileRef = 98F933681F0C2EC6007A1F36 /* ViewController.swift */; };
		98F9336C1F0C2EC6007A1F36 /* Main.storyboard in Resources */ = {isa = PBXBuildFile; fileRef = 98F9336A1F0C2EC6007A1F36 /* Main.storyboard */; };
		98F9336E1F0C2EC6007A1F36 /* Assets.xcassets in Resources */ = {isa = PBXBuildFile; fileRef = 98F9336D1F0C2EC6007A1F36 /* Assets.xcassets */; };
		98F933711F0C2EC6007A1F36 /* LaunchScreen.storyboard in Resources */ = {isa = PBXBuildFile; fileRef = 98F9336F1F0C2EC6007A1F36 /* LaunchScreen.storyboard */; };
		98FF2B211F1DE9A100025D92 /* SWRevealViewController.m in Sources */ = {isa = PBXBuildFile; fileRef = 98FF2B201F1DE9A100025D92 /* SWRevealViewController.m */; };
		98FF2B241F1E365200025D92 /* RentCustomCell.swift in Sources */ = {isa = PBXBuildFile; fileRef = 98FF2B231F1E365200025D92 /* RentCustomCell.swift */; };
/* End PBXBuildFile section */

/* Begin PBXFileReference section */
		9812B5901F1DCBD9006E1C3C /* HawkerViewController.swift */ = {isa = PBXFileReference; fileEncoding = 4; lastKnownFileType = sourcecode.swift; path = HawkerViewController.swift; sourceTree = "<group>"; };
		9812B5921F1DD852006E1C3C /* RentViewController.swift */ = {isa = PBXFileReference; fileEncoding = 4; lastKnownFileType = sourcecode.swift; path = RentViewController.swift; sourceTree = "<group>"; };
		9812B5941F1DD867006E1C3C /* InspectionViewController.swift */ = {isa = PBXFileReference; fileEncoding = 4; lastKnownFileType = sourcecode.swift; path = InspectionViewController.swift; sourceTree = "<group>"; };
		98D0CFD11F1F225100E172CE /* InspectionCustomCell.swift */ = {isa = PBXFileReference; fileEncoding = 4; lastKnownFileType = sourcecode.swift; path = InspectionCustomCell.swift; sourceTree = "<group>"; };
		98F933631F0C2EC5007A1F36 /* Vikrela.app */ = {isa = PBXFileReference; explicitFileType = wrapper.application; includeInIndex = 0; path = Vikrela.app; sourceTree = BUILT_PRODUCTS_DIR; };
		98F933661F0C2EC6007A1F36 /* AppDelegate.swift */ = {isa = PBXFileReference; lastKnownFileType = sourcecode.swift; path = AppDelegate.swift; sourceTree = "<group>"; };
		98F933681F0C2EC6007A1F36 /* ViewController.swift */ = {isa = PBXFileReference; lastKnownFileType = sourcecode.swift; path = ViewController.swift; sourceTree = "<group>"; };
		98F9336B1F0C2EC6007A1F36 /* Base */ = {isa = PBXFileReference; lastKnownFileType = file.storyboard; name = Base; path = Base.lproj/Main.storyboard; sourceTree = "<group>"; };
		98F9336D1F0C2EC6007A1F36 /* Assets.xcassets */ = {isa = PBXFileReference; lastKnownFileType = folder.assetcatalog; path = Assets.xcassets; sourceTree = "<group>"; };
		98F933701F0C2EC6007A1F36 /* Base */ = {isa = PBXFileReference; lastKnownFileType = file.storyboard; name = Base; path = Base.lproj/LaunchScreen.storyboard; sourceTree = "<group>"; };
		98F933721F0C2EC6007A1F36 /* Info.plist */ = {isa = PBXFileReference; lastKnownFileType = text.plist.xml; path = Info.plist; sourceTree = "<group>"; };
		98FF2B1E1F1DE9A000025D92 /* Vikrela-Bridging-Header.h */ = {isa = PBXFileReference; lastKnownFileType = sourcecode.c.h; path = "Vikrela-Bridging-Header.h"; sourceTree = "<group>"; };
		98FF2B1F1F1DE9A100025D92 /* SWRevealViewController.h */ = {isa = PBXFileReference; fileEncoding = 4; lastKnownFileType = sourcecode.c.h; name = SWRevealViewController.h; path = "../../../SWRevealViewController-master/SWRevealViewController-master/SWRevealViewController/SWRevealViewController.h"; sourceTree = "<group>"; };
		98FF2B201F1DE9A100025D92 /* SWRevealViewController.m */ = {isa = PBXFileReference; fileEncoding = 4; lastKnownFileType = sourcecode.c.objc; name = SWRevealViewController.m; path = "../../../SWRevealViewController-master/SWRevealViewController-master/SWRevealViewController/SWRevealViewController.m"; sourceTree = "<group>"; };
		98FF2B231F1E365200025D92 /* RentCustomCell.swift */ = {isa = PBXFileReference; fileEncoding = 4; lastKnownFileType = sourcecode.swift; path = RentCustomCell.swift; sourceTree = "<group>"; };
/* End PBXFileReference section */

/* Begin PBXFrameworksBuildPhase section */
		98F933601F0C2EC5007A1F36 /* Frameworks */ = {
			isa = PBXFrameworksBuildPhase;
			buildActionMask = 2147483647;
			files = (
			);
			runOnlyForDeploymentPostprocessing = 0;
		};
/* End PBXFrameworksBuildPhase section */

/* Begin PBXGroup section */
		9812B5A11F1DE4CC006E1C3C /* SWRevealViewController */ = {
			isa = PBXGroup;
			children = (
				98FF2B1F1F1DE9A100025D92 /* SWRevealViewController.h */,
				98FF2B201F1DE9A100025D92 /* SWRevealViewController.m */,
				98FF2B1E1F1DE9A000025D92 /* Vikrela-Bridging-Header.h */,
			);
			name = SWRevealViewController;
			sourceTree = "<group>";
		};
		98F9335A1F0C2EC5007A1F36 = {
			isa = PBXGroup;
			children = (
				98F933651F0C2EC5007A1F36 /* Vikrela */,
				98F933641F0C2EC5007A1F36 /* Products */,
			);
			sourceTree = "<group>";
		};
		98F933641F0C2EC5007A1F36 /* Products */ = {
			isa = PBXGroup;
			children = (
				98F933631F0C2EC5007A1F36 /* Vikrela.app */,
			);
			name = Products;
			sourceTree = "<group>";
		};
		98F933651F0C2EC5007A1F36 /* Vikrela */ = {
			isa = PBXGroup;
			children = (
				98FF2B221F1DF58200025D92 /* Supporting Files */,
				9812B5A11F1DE4CC006E1C3C /* SWRevealViewController */,
				98F933661F0C2EC6007A1F36 /* AppDelegate.swift */,
				98F933681F0C2EC6007A1F36 /* ViewController.swift */,
				98F9336A1F0C2EC6007A1F36 /* Main.storyboard */,
				98D0CFD11F1F225100E172CE /* InspectionCustomCell.swift */,
				98FF2B231F1E365200025D92 /* RentCustomCell.swift */,
				9812B5921F1DD852006E1C3C /* RentViewController.swift */,
				9812B5941F1DD867006E1C3C /* InspectionViewController.swift */,
				98F9336D1F0C2EC6007A1F36 /* Assets.xcassets */,
				98F9336F1F0C2EC6007A1F36 /* LaunchScreen.storyboard */,
				98F933721F0C2EC6007A1F36 /* Info.plist */,
				9812B5901F1DCBD9006E1C3C /* HawkerViewController.swift */,
			);
			path = Vikrela;
			sourceTree = "<group>";
		};
		98FF2B221F1DF58200025D92 /* Supporting Files */ = {
			isa = PBXGroup;
			children = (
			);
			name = "Supporting Files";
			sourceTree = "<group>";
		};
/* End PBXGroup section */

/* Begin PBXNativeTarget section */
		98F933621F0C2EC5007A1F36 /* Vikrela */ = {
			isa = PBXNativeTarget;
			buildConfigurationList = 98F933751F0C2EC6007A1F36 /* Build configuration list for PBXNativeTarget "Vikrela" */;
			buildPhases = (
				98F9335F1F0C2EC5007A1F36 /* Sources */,
				98F933601F0C2EC5007A1F36 /* Frameworks */,
				98F933611F0C2EC5007A1F36 /* Resources */,
			);
			buildRules = (
			);
			dependencies = (
			);
			name = Vikrela;
			productName = Vikrela;
			productReference = 98F933631F0C2EC5007A1F36 /* Vikrela.app */;
			productType = "com.apple.product-type.application";
		};
/* End PBXNativeTarget section */

/* Begin PBXProject section */
		98F9335B1F0C2EC5007A1F36 /* Project object */ = {
			isa = PBXProject;
			attributes = {
				LastSwiftUpdateCheck = 0820;
				LastUpgradeCheck = 0820;
				ORGANIZATIONNAME = DISQ;
				TargetAttributes = {
					98F933621F0C2EC5007A1F36 = {
						CreatedOnToolsVersion = 8.2.1;
						DevelopmentTeam = L8ARHD87XK;
						LastSwiftMigration = 0820;
						ProvisioningStyle = Automatic;
					};
				};
			};
			buildConfigurationList = 98F9335E1F0C2EC5007A1F36 /* Build configuration list for PBXProject "Vikrela" */;
			compatibilityVersion = "Xcode 3.2";
			developmentRegion = English;
			hasScannedForEncodings = 0;
			knownRegions = (
				en,
				Base,
			);
			mainGroup = 98F9335A1F0C2EC5007A1F36;
			productRefGroup = 98F933641F0C2EC5007A1F36 /* Products */;
			projectDirPath = "";
			projectRoot = "";
			targets = (
				98F933621F0C2EC5007A1F36 /* Vikrela */,
			);
		};
/* End PBXProject section */

/* Begin PBXResourcesBuildPhase section */
		98F933611F0C2EC5007A1F36 /* Resources */ = {
			isa = PBXResourcesBuildPhase;
			buildActionMask = 2147483647;
			files = (
				98F933711F0C2EC6007A1F36 /* LaunchScreen.storyboard in Resources */,
				98F9336E1F0C2EC6007A1F36 /* Assets.xcassets in Resources */,
				98F9336C1F0C2EC6007A1F36 /* Main.storyboard in Resources */,
			);
			runOnlyForDeploymentPostprocessing = 0;
		};
/* End PBXResourcesBuildPhase section */

/* Begin PBXSourcesBuildPhase section */
		98F9335F1F0C2EC5007A1F36 /* Sources */ = {
			isa = PBXSourcesBuildPhase;
			buildActionMask = 2147483647;
			files = (
				9812B5951F1DD867006E1C3C /* InspectionViewController.swift in Sources */,
				98F933691F0C2EC6007A1F36 /* ViewController.swift in Sources */,
				9812B5911F1DCBD9006E1C3C /* HawkerViewController.swift in Sources */,
				98F933671F0C2EC6007A1F36 /* AppDelegate.swift in Sources */,
				98D0CFD21F1F225100E172CE /* InspectionCustomCell.swift in Sources */,
				98FF2B241F1E365200025D92 /* RentCustomCell.swift in Sources */,
				9812B5931F1DD852006E1C3C /* RentViewController.swift in Sources */,
				98FF2B211F1DE9A100025D92 /* SWRevealViewController.m in Sources */,
			);
			runOnlyForDeploymentPostprocessing = 0;
		};
/* End PBXSourcesBuildPhase section */

/* Begin PBXVariantGroup section */
		98F9336A1F0C2EC6007A1F36 /* Main.storyboard */ = {
			isa = PBXVariantGroup;
			children = (
				98F9336B1F0C2EC6007A1F36 /* Base */,
			);
			name = Main.storyboard;
			sourceTree = "<group>";
		};
		98F9336F1F0C2EC6007A1F36 /* LaunchScreen.storyboard */ = {
			isa = PBXVariantGroup;
			children = (
				98F933701F0C2EC6007A1F36 /* Base */,
			);
			name = LaunchScreen.storyboard;
			sourceTree = "<group>";
		};
/* End PBXVariantGroup section */

/* Begin XCBuildConfiguration section */
		98F933731F0C2EC6007A1F36 /* Debug */ = {
			isa = XCBuildConfiguration;
			buildSettings = {
				ALWAYS_SEARCH_USER_PATHS = NO;
				CLANG_ANALYZER_NONNULL = YES;
				CLANG_CXX_LANGUAGE_STANDARD = "gnu++0x";
				CLANG_CXX_LIBRARY = "libc++";
				CLANG_ENABLE_MODULES = YES;
				CLANG_ENABLE_OBJC_ARC = YES;
				CLANG_WARN_BOOL_CONVERSION = YES;
				CLANG_WARN_CONSTANT_CONVERSION = YES;
				CLANG_WARN_DIRECT_OBJC_ISA_USAGE = YES_ERROR;
				CLANG_WARN_DOCUMENTATION_COMMENTS = YES;
				CLANG_WARN_EMPTY_BODY = YES;
				CLANG_WARN_ENUM_CONVERSION = YES;
				CLANG_WARN_INFINITE_RECURSION = YES;
				CLANG_WARN_INT_CONVERSION = YES;
				CLANG_WARN_OBJC_ROOT_CLASS = YES_ERROR;
				CLANG_WARN_SUSPICIOUS_MOVE = YES;
				CLANG_WARN_UNREACHABLE_CODE = YES;
				CLANG_WARN__DUPLICATE_METHOD_MATCH = YES;
				"CODE_SIGN_IDENTITY[sdk=iphoneos*]" = "iPhone Developer";
				COPY_PHASE_STRIP = NO;
				DEBUG_INFORMATION_FORMAT = dwarf;
				ENABLE_STRICT_OBJC_MSGSEND = YES;
				ENABLE_TESTABILITY = YES;
				GCC_C_LANGUAGE_STANDARD = gnu99;
				GCC_DYNAMIC_NO_PIC = NO;
				GCC_NO_COMMON_BLOCKS = YES;
				GCC_OPTIMIZATION_LEVEL = 0;
				GCC_PREPROCESSOR_DEFINITIONS = (
					"DEBUG=1",
					"$(inherited)",
				);
				GCC_WARN_64_TO_32_BIT_CONVERSION = YES;
				GCC_WARN_ABOUT_RETURN_TYPE = YES_ERROR;
				GCC_WARN_UNDECLARED_SELECTOR = YES;
				GCC_WARN_UNINITIALIZED_AUTOS = YES_AGGRESSIVE;
				GCC_WARN_UNUSED_FUNCTION = YES;
				GCC_WARN_UNUSED_VARIABLE = YES;
				IPHONEOS_DEPLOYMENT_TARGET = 10.2;
				MTL_ENABLE_DEBUG_INFO = YES;
				ONLY_ACTIVE_ARCH = YES;
				SDKROOT = iphoneos;
				SWIFT_ACTIVE_COMPILATION_CONDITIONS = DEBUG;
				SWIFT_OPTIMIZATION_LEVEL = "-Onone";
			};
			name = Debug;
		};
		98F933741F0C2EC6007A1F36 /* Release */ = {
			isa = XCBuildConfiguration;
			buildSettings = {
				ALWAYS_SEARCH_USER_PATHS = NO;
				CLANG_ANALYZER_NONNULL = YES;
				CLANG_CXX_LANGUAGE_STANDARD = "gnu++0x";
				CLANG_CXX_LIBRARY = "libc++";
				CLANG_ENABLE_MODULES = YES;
				CLANG_ENABLE_OBJC_ARC = YES;
				CLANG_WARN_BOOL_CONVERSION = YES;
				CLANG_WARN_CONSTANT_CONVERSION = YES;
				CLANG_WARN_DIRECT_OBJC_ISA_USAGE = YES_ERROR;
				CLANG_WARN_DOCUMENTATION_COMMENTS = YES;
				CLANG_WARN_EMPTY_BODY = YES;
				CLANG_WARN_ENUM_CONVERSION = YES;
				CLANG_WARN_INFINITE_RECURSION = YES;
				CLANG_WARN_INT_CONVERSION = YES;
				CLANG_WARN_OBJC_ROOT_CLASS = YES_ERROR;
				CLANG_WARN_SUSPICIOUS_MOVE = YES;
				CLANG_WARN_UNREACHABLE_CODE = YES;
				CLANG_WARN__DUPLICATE_METHOD_MATCH = YES;
				"CODE_SIGN_IDENTITY[sdk=iphoneos*]" = "iPhone Developer";
				COPY_PHASE_STRIP = NO;
				DEBUG_INFORMATION_FORMAT = "dwarf-with-dsym";
				ENABLE_NS_ASSERTIONS = NO;
				ENABLE_STRICT_OBJC_MSGSEND = YES;
				GCC_C_LANGUAGE_STANDARD = gnu99;
				GCC_NO_COMMON_BLOCKS = YES;
				GCC_WARN_64_TO_32_BIT_CONVERSION = YES;
				GCC_WARN_ABOUT_RETURN_TYPE = YES_ERROR;
				GCC_WARN_UNDECLARED_SELECTOR = YES;
				GCC_WARN_UNINITIALIZED_AUTOS = YES_AGGRESSIVE;
				GCC_WARN_UNUSED_FUNCTION = YES;
				GCC_WARN_UNUSED_VARIABLE = YES;
				IPHONEOS_DEPLOYMENT_TARGET = 10.2;
				MTL_ENABLE_DEBUG_INFO = NO;
				SDKROOT = iphoneos;
				SWIFT_OPTIMIZATION_LEVEL = "-Owholemodule";
				VALIDATE_PRODUCT = YES;
			};
			name = Release;
		};
		98F933761F0C2EC6007A1F36 /* Debug */ = {
			isa = XCBuildConfiguration;
			buildSettings = {
				ASSETCATALOG_COMPILER_APPICON_NAME = AppIcon;
				CLANG_ENABLE_MODULES = YES;
				DEVELOPMENT_TEAM = L8ARHD87XK;
				INFOPLIST_FILE = Vikrela/Info.plist;
				LD_RUNPATH_SEARCH_PATHS = "$(inherited) @executable_path/Frameworks";
				PRODUCT_BUNDLE_IDENTIFIER = com.vikrela.Vikrela;
				PRODUCT_NAME = "$(TARGET_NAME)";
				SWIFT_OBJC_BRIDGING_HEADER = "Vikrela/Vikrela-Bridging-Header.h";
				SWIFT_OPTIMIZATION_LEVEL = "-Onone";
				SWIFT_VERSION = 3.0;
			};
			name = Debug;
		};
		98F933771F0C2EC6007A1F36 /* Release */ = {
			isa = XCBuildConfiguration;
			buildSettings = {
				ASSETCATALOG_COMPILER_APPICON_NAME = AppIcon;
				CLANG_ENABLE_MODULES = YES;
				DEVELOPMENT_TEAM = L8ARHD87XK;
				INFOPLIST_FILE = Vikrela/Info.plist;
				LD_RUNPATH_SEARCH_PATHS = "$(inherited) @executable_path/Frameworks";
				PRODUCT_BUNDLE_IDENTIFIER = com.vikrela.Vikrela;
				PRODUCT_NAME = "$(TARGET_NAME)";
				SWIFT_OBJC_BRIDGING_HEADER = "Vikrela/Vikrela-Bridging-Header.h";
				SWIFT_VERSION = 3.0;
			};
			name = Release;
		};
/* End XCBuildConfiguration section */

/* Begin XCConfigurationList section */
		98F9335E1F0C2EC5007A1F36 /* Build configuration list for PBXProject "Vikrela" */ = {
			isa = XCConfigurationList;
			buildConfigurations = (
				98F933731F0C2EC6007A1F36 /* Debug */,
				98F933741F0C2EC6007A1F36 /* Release */,
			);
			defaultConfigurationIsVisible = 0;
			defaultConfigurationName = Release;
		};
		98F933751F0C2EC6007A1F36 /* Build configuration list for PBXNativeTarget "Vikrela" */ = {
			isa = XCConfigurationList;
			buildConfigurations = (
				98F933761F0C2EC6007A1F36 /* Debug */,
				98F933771F0C2EC6007A1F36 /* Release */,
			);
			defaultConfigurationIsVisible = 0;
			defaultConfigurationName = Release;
		};
/* End XCConfigurationList section */
	};
	rootObject = 98F9335B1F0C2EC5007A1F36 /* Project object */;
}
